# Code generated by scarb DO NOT EDIT.
version = 1

[[package]]
name = "ekubo"
version = "0.1.0"
source = "git+https://github.com/ekuboprotocol/abis#edb6de8c9baf515f1053bbab3d86825d54a63bc3"

[[package]]
name = "my_script"
version = "0.1.0"
dependencies = [
 "sncast_std",
 "twammbridge",
]

[[package]]
name = "sncast_std"
version = "0.32.0"
source = "registry+https://scarbs.xyz/"
checksum = "sha256:7e317d7a8f89b3fe06d73e10223920126c7aa5edf97154795da11ede31bb6ca6"

[[package]]
name = "twammbridge"
version = "0.1.0"
dependencies = [
 "ekubo",
]
