# Code generated by scarb DO NOT EDIT.
version = 1

[[package]]
name = "ekubo"
version = "0.1.0"
source = "git+https://github.com/ekuboprotocol/abis#edb6de8c9baf515f1053bbab3d86825d54a63bc3"

[[package]]
name = "my_script"
version = "0.1.0"
dependencies = [
 "sncast_std",
 "twammbridge",
]

[[package]]
name = "sncast_std"
version = "0.32.0"
source = "git+https://github.com/foundry-rs/starknet-foundry?tag=v0.32.0#3817c903b640201c72e743b9bbe70a97149828a2"

[[package]]
name = "twammbridge"
version = "0.1.0"
dependencies = [
 "ekubo",
]
